{
  "version": 1,
  "dependencies": {
    "net10.0-windows10.0.19041": {
      "Avalonia.Controls.DataGrid": {
        "type": "Direct",
        "requested": "[11.3.13, )",
        "resolved": "11.3.13",
        "contentHash": "Omfzm3l5ZJQHe1dCuvvadV3LkGmCzImnfOKtoXcDH632jDSwMKRGJ7S+uZRhmu7aBzRxL7PrpIfo4wdDGuzmWA==",
        "dependencies": {
          "Avalonia": "11.3.13"
        }
      },
      "Avalonia.Desktop": {
        "type": "Direct",
        "requested": "[11.3.14, )",
        "resolved": "11.3.14",
        "contentHash": "7IiTMWsFib1foIEagcaTtsjWa6VA/iAbNjHpM4aSF8sfwPPj1HRj7qEySrINqlJDK2WYVM/IL5S8bHWs+KKX1Q==",
        "dependencies": {
          "Avalonia": "11.3.14",
          "Avalonia.Native": "11.3.14",
          "Avalonia.Skia": "11.3.14",
          "Avalonia.Win32": "11.3.14",
          "Avalonia.X11": "11.3.14"
        }
      },
      "Google.Apis.Drive.v3": {
        "type": "Direct",
        "requested": "[1.73.0.4112, )",
        "resolved": "1.73.0.4112",
        "contentHash": "00laEQw5cZUUOnzX6+aKHcFgHjHVGI7fHsHGWypOsjZrpk8vTeepE/zZGx6cSGckdaZfSqgcvvU7+qd4Zc5Vfg==",
        "dependencies": {
          "Google.Apis": "1.73.0",
          "Google.Apis.Auth": "1.73.0"
        }
      },
      "Microsoft.Identity.Client": {
        "type": "Direct",
        "requested": "[4.77.1, )",
        "resolved": "4.77.1",
        "contentHash": "K1BS0wRwh48xjsU2y7bwVh8qE9eqdRkroHX0EPp9GGo3GmS+B2gaPd95jq+HRpyFj8h3nn8LubDnIti+M/9YoQ==",
        "dependencies": {
          "Microsoft.IdentityModel.Abstractions": "8.14.0"
        }
      },
      "SkiaSharp": {
        "type": "Direct",
        "requested": "[3.119.4, )",
        "resolved": "3.119.4",
        "contentHash": "53NOSUZ1Us+91Sm0uCkIivh/k7jOowRErZT2sIWwPFN9mLUvdxnE6rS4sWo4255+Rd2MWUSF+j0NMZHD6Cke+Q==",
        "dependencies": {
          "SkiaSharp.NativeAssets.Win32": "3.119.4"
        }
      },
      "SkiaSharp.NativeAssets.Linux": {
        "type": "Direct",
        "requested": "[3.119.4, )",
        "resolved": "3.119.4",
        "contentHash": "UAyVzbqNfZsZbKbzj68zXLyUyF/SbTKmzTfOO6qDu++dtIUMMTzPBe8oOuzU/DiewpfKoUUlOSsJmqWc6blxBw=="
      },
      "SukiUI": {
        "type": "Direct",
        "requested": "[6.1.1, )",
        "resolved": "6.1.1",
        "contentHash": "rO4+lndnsN+zckbOuepJH8gpxJjYB0i0kasqGctRyFF27IQTvefqqg0APWewceOf0bqu9Pul4+thdP3Wv/PO+Q==",
        "dependencies": {
          "Avalonia": "11.3.14",
          "Avalonia.Controls.ColorPicker": "11.3.14",
          "Avalonia.Controls.DataGrid": "11.3.13",
          "Avalonia.Skia": "11.3.14",
          "Avalonia.Themes.Simple": "11.3.14",
          "SkiaSharp": "3.119.3-preview.1.1",
          "SkiaSharp.NativeAssets.Linux": "3.119.3-preview.1.1",
          "System.Linq.Dynamic.Core": "1.7.2"
        }
      },
      "Tmds.DBus.Protocol": {
        "type": "Direct",
        "requested": "[0.21.3, )",
        "resolved": "0.21.3",
        "contentHash": "hDwB8WsQoyALQKqIbwzS68UKdlnafDm4T/DkO/JrA/YIneP/rKv96SxYPVXeh3FP4i/SXfShrYftKLtciJAIlw=="
      },
      "Avalonia": {
        "type": "Transitive",
        "resolved": "11.3.14",
        "contentHash": "RcGp0iXRBqMrDRXOTUOn9OaUTx8NlukTdhuBmY9w5JmVreDtZRRErKwwiHPw+YjkbTHvhfFFNsu3Hhd+oJGIZQ==",
        "dependencies": {
          "Avalonia.BuildServices": "11.3.2",
          "Avalonia.Remote.Protocol": "11.3.14",
          "MicroCom.Runtime": "0.11.0"
        }
      },
      "Avalonia.Angle.Windows.Natives": {
        "type": "Transitive",
        "resolved": "2.1.25547.20250602",
        "contentHash": "ZL0VLc4s9rvNNFt19Pxm5UNAkmKNylugAwJPX9ulXZ6JWs/l6XZihPWWTyezaoNOVyEPU8YbURtW7XMAtqXH5A=="
      },
      "Avalonia.BuildServices": {
        "type": "Transitive",
        "resolved": "11.3.2",
        "contentHash": "qHDToxto1e3hci5YqbG9n0Ty8mlp3zBUN5wT66wKqaDVzXyQ0do3EnRILd4Ke9jpvsktaPpgE0YjEk7hornryQ=="
      },
      "Avalonia.Controls.ColorPicker": {
        "type": "Transitive",
        "resolved": "11.3.14",
        "contentHash": "weDk+0kMo5kOcukRH/eIiHvkeG+/LrfHwSl2XvGjSN6S610Syg3o8SF3gjAWHV0OpeD1BdlnrCX6idU6qigm5g==",
        "dependencies": {
          "Avalonia": "11.3.14",
          "Avalonia.Remote.Protocol": "11.3.14"
        }
      },
      "Avalonia.FreeDesktop": {
        "type": "Transitive",
        "resolved": "11.3.14",
        "contentHash": "qp1UH0A8/C0Dwka6575PkTuJro9BtjEmgvfr70UEkv3e6S0FYotz4BPPgWLeM/svltrEdft2VO1FjSA4q3nFPA==",
        "dependencies": {
          "Avalonia": "11.3.14",
          "Tmds.DBus.Protocol": "0.21.3"
        }
      },
      "Avalonia.Native": {
        "type": "Transitive",
        "resolved": "11.3.14",
        "contentHash": "9ocWL83dAtB8W5dWXl6PIpf303Ri1o1JIDRo5Q9ZewIS/caKL2cgElrTSArc+4UrElCMluGbKHQC5P+YlF2fnQ==",
        "dependencies": {
          "Avalonia": "11.3.14"
        }
      },
      "Avalonia.Remote.Protocol": {
        "type": "Transitive",
        "resolved": "11.3.14",
        "contentHash": "P4QPwf9VQt4CjntmfGo8uL+S1RaVbTlcFgECSFIWN3AWc/IbKs76tbZ6ibpdFg1C+IKubBPQ+hUeUq7MrBIWDA=="
      },
      "Avalonia.Skia": {
        "type": "Transitive",
        "resolved": "11.3.14",
        "contentHash": "ksUk0PRTSjzYajk3aFpGvg+LotLe/pZj1K7B0b8As2ssDxFXFDPUnRvRZmw7f6jBBcfsYI6/LlFJZ93T8YAI2w==",
        "dependencies": {
          "Avalonia": "11.3.14",
          "HarfBuzzSharp": "8.3.1.1",
          "HarfBuzzSharp.NativeAssets.Linux": "8.3.1.1",
          "HarfBuzzSharp.NativeAssets.WebAssembly": "8.3.1.1",
          "SkiaSharp": "2.88.9",
          "SkiaSharp.NativeAssets.Linux": "2.88.9",
          "SkiaSharp.NativeAssets.WebAssembly": "2.88.9"
        }
      },
      "Avalonia.Themes.Simple": {
        "type": "Transitive",
        "resolved": "11.3.14",
        "contentHash": "Mqs6SmyXBJOrIj+Hf4YnhqsqEGPdvS0XZ+SNNwaYD+17P9UY/JVxztG49UJQnBT58cWovuy9omL0CVCQKhQuTw==",
        "dependencies": {
          "Avalonia": "11.3.14"
        }
      },
      "Avalonia.Win32": {
        "type": "Transitive",
        "resolved": "11.3.14",
        "contentHash": "jmJkqMfPKSvftkvc0m1YvbbBG42aKq4gPYpHZvpfVHrQ4m/Ln5sF67hUzhbK6qJ2E9Yr2ZJtuvCaTH/EHRW36g==",
        "dependencies": {
          "Avalonia": "11.3.14",
          "Avalonia.Angle.Windows.Natives": "2.1.25547.20250602"
        }
      },
      "Avalonia.X11": {
        "type": "Transitive",
        "resolved": "11.3.14",
        "contentHash": "QFyiQof5vCHo+KY3y+NsmUhM/dsvUVaipDW3zwF6sK7zpdefy/OZQxtuEVjjWyyVuEmua0gyXEaVWbOUu0AgsA==",
        "dependencies": {
          "Avalonia": "11.3.14",
          "Avalonia.FreeDesktop": "11.3.14",
          "Avalonia.Skia": "11.3.14"
        }
      },
      "Google.Apis": {
        "type": "Transitive",
        "resolved": "1.73.0",
        "contentHash": "TnCjEyV2aCLQ6Zl40OCbEJULDuEkEWc6C/g81KYw5l1PqGo+G7pFZrV+YH8XgUL0JRUanz+IrUp8SsKF4dzkqg==",
        "dependencies": {
          "Google.Apis.Core": "1.73.0"
        }
      },
      "Google.Apis.Auth": {
        "type": "Transitive",
        "resolved": "1.73.0",
        "contentHash": "wEu12uhnRv3zrPBSqv4E2vPH6lYLtc1RPAnU9MJRCMFlBVwZ7Lnq3NfbYXi6VG7EurkYInTaMpeBZkbM/HrAog==",
        "dependencies": {
          "Google.Apis": "1.73.0",
          "Google.Apis.Core": "1.73.0",
          "System.Management": "7.0.2"
        }
      },
      "Google.Apis.Core": {
        "type": "Transitive",
        "resolved": "1.73.0",
        "contentHash": "vSc7CY4KCP7HE4QTElDx/ExnGLbg9kXb89MS6cdvI+0D4sxvTYb16vGtXmF2jSDMV3iDmykSXdIUPTz8TDS6gg==",
        "dependencies": {
          "Newtonsoft.Json": "13.0.4"
        }
      },
      "HarfBuzzSharp": {
        "type": "Transitive",
        "resolved": "8.3.1.1",
        "contentHash": "tLZN66oe/uiRPTZfrCU4i8ScVGwqHNh5MHrXj0yVf4l7Mz0FhTGnQ71RGySROTmdognAs0JtluHkL41pIabWuQ==",
        "dependencies": {
          "HarfBuzzSharp.NativeAssets.Win32": "8.3.1.1"
        }
      },
      "HarfBuzzSharp.NativeAssets.Linux": {
        "type": "Transitive",
        "resolved": "8.3.1.1",
        "contentHash": "3EZ1mpIiKWRLL5hUYA82ZHteeDIVaEA/Z0rA/wU6tjx6crcAkJnBPwDXZugBSfo8+J3EznvRJf49uMsqYfKrHg=="
      },
      "HarfBuzzSharp.NativeAssets.WebAssembly": {
        "type": "Transitive",
        "resolved": "8.3.1.1",
        "contentHash": "loJweK2u/mH/3C2zBa0ggJlITIszOkK64HLAZB7FUT670dTg965whLFYHDQo69NmC4+d9UN0icLC9VHidXaVCA=="
      },
      "HarfBuzzSharp.NativeAssets.Win32": {
        "type": "Transitive",
        "resolved": "8.3.1.1",
        "contentHash": "UsJtQsfAJoFDZrXc4hCUfRPMqccfKZ0iumJ/upcUjz/cmsTgVFGNEL5yaJWmkqsuFYdMWbj/En5/kS4PFl9hBA=="
      },
      "MicroCom.Runtime": {
        "type": "Transitive",
        "resolved": "0.11.0",
        "contentHash": "MEnrZ3UIiH40hjzMDsxrTyi8dtqB5ziv3iBeeU4bXsL/7NLSal9F1lZKpK+tfBRnUoDSdtcW3KufE4yhATOMCA=="
      },
      "Microsoft.IdentityModel.Abstractions": {
        "type": "Transitive",
        "resolved": "8.14.0",
        "contentHash": "iwbCpSjD3ehfTwBhtSNEtKPK0ICun6ov7Ibx6ISNA9bfwIyzI2Siwyi9eJFCJBwxowK9xcA1mj+jBWiigeqgcQ=="
      },
      "Newtonsoft.Json": {
        "type": "Transitive",
        "resolved": "13.0.4",
        "contentHash": "pdgNNMai3zv51W5aq268sujXUyx7SNdE2bj1wZcWjAQrKMFZV260lbqYop1d2GM67JI1huLRwxo9ZqnfF/lC6A=="
      },
      "SkiaSharp.NativeAssets.WebAssembly": {
        "type": "Transitive",
        "resolved": "2.88.9",
        "contentHash": "kt06RccBHSnAs2wDYdBSfsjIDbY3EpsOVqnlDgKdgvyuRA8ZFDaHRdWNx1VHjGgYzmnFCGiTJBnXFl5BqGwGnA=="
      },
      "SkiaSharp.NativeAssets.Win32": {
        "type": "Transitive",
        "resolved": "3.119.4",
        "contentHash": "XOpbx/4CReO2wYsq2s6rbvdauc6dntG4Zv499sHGTJ87bwZaFXszFkwql3+FIZMc8kUPeaj3Mx2ezIJmo8a1Kg=="
      },
      "System.CodeDom": {
        "type": "Transitive",
        "resolved": "7.0.0",
        "contentHash": "GLltyqEsE5/3IE+zYRP5sNa1l44qKl9v+bfdMcwg+M9qnQf47wK3H0SUR/T+3N4JEQXF3vV4CSuuo0rsg+nq2A=="
      },
      "System.Linq.Dynamic.Core": {
        "type": "Transitive",
        "resolved": "1.7.2",
        "contentHash": "11SGBy8DCywOVElSs2J+Cd4WFHruFrBnaaQ86q2HWHBGcCAQDLnbA0ivpFvMeXGPqcEPE+Q3HZtXaXN4F8JLQg=="
      },
      "System.Management": {
        "type": "Transitive",
        "resolved": "7.0.2",
        "contentHash": "/qEUN91mP/MUQmJnM5y5BdT7ZoPuVrtxnFlbJ8a3kBJGhe2wCzBfnPFtK2wTtEEcf3DMGR9J00GZZfg6HRI6yA==",
        "dependencies": {
          "System.CodeDom": "7.0.0"
        }
      }
    }
  }
}